
Microsoft Visual Studio Solution File, Format Version 12.00
# Visual Studio 14
VisualStudioVersion = 14.0.24720.0
MinimumVisualStudioVersion = 10.0.40219.1
Project("{FAE04EC0-301F-11D3-BF4B-00C04F79EFBC}") = "TicTacToeSimulator", "TicTacToeSimulator\TicTacToeSimulator.csproj", "{BFDB076C-1A82-4CFA-B7E4-8C4F4C41472D}"
EndProject
Project("{FAE04EC0-301F-11D3-BF4B-00C04F79EFBC}") = "TicTacToeLibrary", "TicTacToeLibrary\TicTacToeLibrary.csproj", "{A025390B-4852-4BC5-84FD-67530E2CDE40}"
EndProject
Global
	GlobalSection(SolutionConfigurationPlatforms) = preSolution
		Debug|Any CPU = Debug|Any CPU
		Release|Any CPU = Release|Any CPU
	EndGlobalSection
	GlobalSection(ProjectConfigurationPlatforms) = postSolution
		{BFDB076C-1A82-4CFA-B7E4-8C4F4C41472D}.Debug|Any CPU.ActiveCfg = Debug|Any CPU
		{BFDB076C-1A82-4CFA-B7E4-8C4F4C41472D}.Debug|Any CPU.Build.0 = Debug|Any CPU
		{BFDB076C-1A82-4CFA-B7E4-8C4F4C41472D}.Release|Any CPU.ActiveCfg = Release|Any CPU
		{BFDB076C-1A82-4CFA-B7E4-8C4F4C41472D}.Release|Any CPU.Build.0 = Release|Any CPU
		{A025390B-4852-4BC5-84FD-67530E2CDE40}.Debug|Any CPU.ActiveCfg = Debug|Any CPU
		{A025390B-4852-4BC5-84FD-67530E2CDE40}.Debug|Any CPU.Build.0 = Debug|Any CPU
		{A025390B-4852-4BC5-84FD-67530E2CDE40}.Release|Any CPU.ActiveCfg = Release|Any CPU
		{A025390B-4852-4BC5-84FD-67530E2CDE40}.Release|Any CPU.Build.0 = Release|Any CPU
	EndGlobalSection
	GlobalSection(SolutionProperties) = preSolution
		HideSolutionNode = FALSE
	EndGlobalSection
EndGlobal
